
Microsoft Visual Studio Solution File, Format Version 12.00
# Visual Studio Version 17
VisualStudioVersion = 17.13.35825.156 d17.13
MinimumVisualStudioVersion = 10.0.40219.1
Project("{FAE04EC0-301F-11D3-BF4B-00C04F79EFBC}") = "TaskManager.API", "TaskManager.API\TaskManager.API.csproj", "{6AAE19A7-8E77-4DB2-A133-30372B501BA8}"
EndProject
Project("{FAE04EC0-301F-11D3-BF4B-00C04F79EFBC}") = "TaskManager.Application", "TaskManager.Application\TaskManager.Application.csproj", "{6093EAC1-2A68-45A4-872D-A6A74B4EE0C3}"
EndProject
Project("{FAE04EC0-301F-11D3-BF4B-00C04F79EFBC}") = "TaskManager.Domain", "TaskManager.Domain\TaskManager.Domain.csproj", "{424ED4BD-72DD-4B46-B4FF-D797DB381791}"
EndProject
Project("{FAE04EC0-301F-11D3-BF4B-00C04F79EFBC}") = "TaskManager.Infrastructure", "TaskManager.Infrastructure\TaskManager.Infrastructure.csproj", "{8878503E-2628-4ED4-BC55-7FECE18FCDF7}"
EndProject
Project("{FAE04EC0-301F-11D3-BF4B-00C04F79EFBC}") = "TaskManager.Tests", "TaskManager.Tests\TaskManager.Tests.csproj", "{22ED3A0F-B2FE-41F8-BCB6-0F1AD2F5EBE7}"
EndProject
Global
	GlobalSection(SolutionConfigurationPlatforms) = preSolution
		Debug|Any CPU = Debug|Any CPU
		Release|Any CPU = Release|Any CPU
	EndGlobalSection
	GlobalSection(ProjectConfigurationPlatforms) = postSolution
		{6AAE19A7-8E77-4DB2-A133-30372B501BA8}.Debug|Any CPU.ActiveCfg = Debug|Any CPU
		{6AAE19A7-8E77-4DB2-A133-30372B501BA8}.Debug|Any CPU.Build.0 = Debug|Any CPU
		{6AAE19A7-8E77-4DB2-A133-30372B501BA8}.Release|Any CPU.ActiveCfg = Release|Any CPU
		{6AAE19A7-8E77-4DB2-A133-30372B501BA8}.Release|Any CPU.Build.0 = Release|Any CPU
		{6093EAC1-2A68-45A4-872D-A6A74B4EE0C3}.Debug|Any CPU.ActiveCfg = Debug|Any CPU
		{6093EAC1-2A68-45A4-872D-A6A74B4EE0C3}.Debug|Any CPU.Build.0 = Debug|Any CPU
		{6093EAC1-2A68-45A4-872D-A6A74B4EE0C3}.Release|Any CPU.ActiveCfg = Release|Any CPU
		{6093EAC1-2A68-45A4-872D-A6A74B4EE0C3}.Release|Any CPU.Build.0 = Release|Any CPU
		{424ED4BD-72DD-4B46-B4FF-D797DB381791}.Debug|Any CPU.ActiveCfg = Debug|Any CPU
		{424ED4BD-72DD-4B46-B4FF-D797DB381791}.Debug|Any CPU.Build.0 = Debug|Any CPU
		{424ED4BD-72DD-4B46-B4FF-D797DB381791}.Release|Any CPU.ActiveCfg = Release|Any CPU
		{424ED4BD-72DD-4B46-B4FF-D797DB381791}.Release|Any CPU.Build.0 = Release|Any CPU
		{8878503E-2628-4ED4-BC55-7FECE18FCDF7}.Debug|Any CPU.ActiveCfg = Debug|Any CPU
		{8878503E-2628-4ED4-BC55-7FECE18FCDF7}.Debug|Any CPU.Build.0 = Debug|Any CPU
		{8878503E-2628-4ED4-BC55-7FECE18FCDF7}.Release|Any CPU.ActiveCfg = Release|Any CPU
		{8878503E-2628-4ED4-BC55-7FECE18FCDF7}.Release|Any CPU.Build.0 = Release|Any CPU
		{22ED3A0F-B2FE-41F8-BCB6-0F1AD2F5EBE7}.Debug|Any CPU.ActiveCfg = Debug|Any CPU
		{22ED3A0F-B2FE-41F8-BCB6-0F1AD2F5EBE7}.Debug|Any CPU.Build.0 = Debug|Any CPU
		{22ED3A0F-B2FE-41F8-BCB6-0F1AD2F5EBE7}.Release|Any CPU.ActiveCfg = Release|Any CPU
		{22ED3A0F-B2FE-41F8-BCB6-0F1AD2F5EBE7}.Release|Any CPU.Build.0 = Release|Any CPU
	EndGlobalSection
	GlobalSection(SolutionProperties) = preSolution
		HideSolutionNode = FALSE
	EndGlobalSection
	GlobalSection(ExtensibilityGlobals) = postSolution
		SolutionGuid = {31FD21A6-BB97-4B01-8D92-8F2B893EC3A1}
	EndGlobalSection
EndGlobal
